
Microsoft Visual Studio Solution File, Format Version 12.00
# Visual Studio Version 16
VisualStudioVersion = 16.0.30717.126
MinimumVisualStudioVersion = 10.0.40219.1
Project("{11A8DD76-328B-46DF-9F39-F559912D0360}") = "WifiLora32SenderTest", "WifiLora32SenderTest\WifiLora32SenderTest.nfproj", "{0A33060C-131F-4A66-B6E4-B1FEB0F204AF}"
EndProject
Project("{11A8DD76-328B-46DF-9F39-F559912D0360}") = "WifiLora32", "..\WifiLora32\WifiLora32.nfproj", "{8DF88FC3-D767-4104-89AD-509A6F16CBA1}"
EndProject
Project("{11A8DD76-328B-46DF-9F39-F559912D0360}") = "WifiKit32", "..\WifiKit32Common\WifiKit32.nfproj", "{44EEB02F-A329-43B4-8E95-35953E18072A}"
EndProject
Project("{11A8DD76-328B-46DF-9F39-F559912D0360}") = "OledSSD1306", "..\OledSSD1306\OledSSD1306.nfproj", "{A79106C5-1D86-4A79-AE63-32C72AEFFF1C}"
EndProject
Project("{11A8DD76-328B-46DF-9F39-F559912D0360}") = "OledFonts", "..\OledFonts\OledFonts.nfproj", "{8B1259B4-A906-4516-AE01-C5DE3B5B9197}"
EndProject
Global
	GlobalSection(SolutionConfigurationPlatforms) = preSolution
		Debug|Any CPU = Debug|Any CPU
		Release|Any CPU = Release|Any CPU
	EndGlobalSection
	GlobalSection(ProjectConfigurationPlatforms) = postSolution
		{0A33060C-131F-4A66-B6E4-B1FEB0F204AF}.Debug|Any CPU.ActiveCfg = Debug|Any CPU
		{0A33060C-131F-4A66-B6E4-B1FEB0F204AF}.Debug|Any CPU.Build.0 = Debug|Any CPU
		{0A33060C-131F-4A66-B6E4-B1FEB0F204AF}.Debug|Any CPU.Deploy.0 = Debug|Any CPU
		{0A33060C-131F-4A66-B6E4-B1FEB0F204AF}.Release|Any CPU.ActiveCfg = Release|Any CPU
		{0A33060C-131F-4A66-B6E4-B1FEB0F204AF}.Release|Any CPU.Build.0 = Release|Any CPU
		{0A33060C-131F-4A66-B6E4-B1FEB0F204AF}.Release|Any CPU.Deploy.0 = Release|Any CPU
		{8DF88FC3-D767-4104-89AD-509A6F16CBA1}.Debug|Any CPU.ActiveCfg = Debug|Any CPU
		{8DF88FC3-D767-4104-89AD-509A6F16CBA1}.Debug|Any CPU.Build.0 = Debug|Any CPU
		{8DF88FC3-D767-4104-89AD-509A6F16CBA1}.Debug|Any CPU.Deploy.0 = Debug|Any CPU
		{8DF88FC3-D767-4104-89AD-509A6F16CBA1}.Release|Any CPU.ActiveCfg = Release|Any CPU
		{8DF88FC3-D767-4104-89AD-509A6F16CBA1}.Release|Any CPU.Build.0 = Release|Any CPU
		{8DF88FC3-D767-4104-89AD-509A6F16CBA1}.Release|Any CPU.Deploy.0 = Release|Any CPU
		{44EEB02F-A329-43B4-8E95-35953E18072A}.Debug|Any CPU.ActiveCfg = Debug|Any CPU
		{44EEB02F-A329-43B4-8E95-35953E18072A}.Debug|Any CPU.Build.0 = Debug|Any CPU
		{44EEB02F-A329-43B4-8E95-35953E18072A}.Debug|Any CPU.Deploy.0 = Debug|Any CPU
		{44EEB02F-A329-43B4-8E95-35953E18072A}.Release|Any CPU.ActiveCfg = Release|Any CPU
		{44EEB02F-A329-43B4-8E95-35953E18072A}.Release|Any CPU.Build.0 = Release|Any CPU
		{44EEB02F-A329-43B4-8E95-35953E18072A}.Release|Any CPU.Deploy.0 = Release|Any CPU
		{A79106C5-1D86-4A79-AE63-32C72AEFFF1C}.Debug|Any CPU.ActiveCfg = Debug|Any CPU
		{A79106C5-1D86-4A79-AE63-32C72AEFFF1C}.Debug|Any CPU.Build.0 = Debug|Any CPU
		{A79106C5-1D86-4A79-AE63-32C72AEFFF1C}.Debug|Any CPU.Deploy.0 = Debug|Any CPU
		{A79106C5-1D86-4A79-AE63-32C72AEFFF1C}.Release|Any CPU.ActiveCfg = Release|Any CPU
		{A79106C5-1D86-4A79-AE63-32C72AEFFF1C}.Release|Any CPU.Build.0 = Release|Any CPU
		{A79106C5-1D86-4A79-AE63-32C72AEFFF1C}.Release|Any CPU.Deploy.0 = Release|Any CPU
		{8B1259B4-A906-4516-AE01-C5DE3B5B9197}.Debug|Any CPU.ActiveCfg = Debug|Any CPU
		{8B1259B4-A906-4516-AE01-C5DE3B5B9197}.Debug|Any CPU.Build.0 = Debug|Any CPU
		{8B1259B4-A906-4516-AE01-C5DE3B5B9197}.Debug|Any CPU.Deploy.0 = Debug|Any CPU
		{8B1259B4-A906-4516-AE01-C5DE3B5B9197}.Release|Any CPU.ActiveCfg = Release|Any CPU
		{8B1259B4-A906-4516-AE01-C5DE3B5B9197}.Release|Any CPU.Build.0 = Release|Any CPU
		{8B1259B4-A906-4516-AE01-C5DE3B5B9197}.Release|Any CPU.Deploy.0 = Release|Any CPU
	EndGlobalSection
	GlobalSection(SolutionProperties) = preSolution
		HideSolutionNode = FALSE
	EndGlobalSection
	GlobalSection(ExtensibilityGlobals) = postSolution
		SolutionGuid = {8BA87CB4-BF09-46D7-8A84-1CFA01C85FFA}
	EndGlobalSection
EndGlobal
